
Microsoft Visual Studio Solution File, Format Version 12.00
# Visual Studio Version 17
VisualStudioVersion = 17.1.32210.238
MinimumVisualStudioVersion = 10.0.40219.1
Project("{2150E333-8FDC-42A3-9474-1A3956D46DE8}") = "src", "src", "{0650A3CC-4C5B-4576-B951-ACE3229E85F5}"
	ProjectSection(SolutionItems) = preProject
		src\.gitignore = src\.gitignore
		src\Readme.md = src\Readme.md
	EndProjectSection
EndProject
Project("{2150E333-8FDC-42A3-9474-1A3956D46DE8}") = "Services", "Services", "{A6D72F44-70B4-4047-BFD4-D27B66CB6580}"
EndProject
Project("{2150E333-8FDC-42A3-9474-1A3956D46DE8}") = "PR", "PR", "{3DE8B1D0-9469-4F70-A8A3-C9A7EEFB7FBB}"
EndProject
Project("{2150E333-8FDC-42A3-9474-1A3956D46DE8}") = "BuildingBlocks", "BuildingBlocks", "{F82A7253-0C8A-4E80-BDB6-DCFB2BABD264}"
EndProject
Project("{2150E333-8FDC-42A3-9474-1A3956D46DE8}") = "tests", "tests", "{723ACA05-5158-4CF4-8D96-207C4EEC4695}"
EndProject
Project("{2150E333-8FDC-42A3-9474-1A3956D46DE8}") = "ApiGateways", "ApiGateways", "{892CAE81-CAE7-4B5D-AB93-D34D868541C2}"
EndProject
Project("{2150E333-8FDC-42A3-9474-1A3956D46DE8}") = "Web.MainApp", "Web.MainApp", "{FEABF3E6-470C-4965-9E21-A4B597C11C5F}"
EndProject
Project("{2150E333-8FDC-42A3-9474-1A3956D46DE8}") = "tests", "tests", "{2DFFA2C7-ED55-4F6F-8A7B-4CCCAD30D40A}"
EndProject
Project("{9A19103F-16F7-4668-BE54-9A1E7A4F7556}") = "EventBusServiceBus", "src\BuildingBlocks\EventBusServiceBus\EventBusServiceBus.csproj", "{1AF44BC2-B649-4D74-B83F-09A6488D917B}"
EndProject
Project("{2150E333-8FDC-42A3-9474-1A3956D46DE8}") = "WebHost", "WebHost", "{E314F342-DA0A-462F-8670-635D1FB1959D}"
EndProject
Project("{9A19103F-16F7-4668-BE54-9A1E7A4F7556}") = "WebHost.Customization", "src\BuildingBlocks\WebHost.Customization\WebHost.Customization.csproj", "{CF57E97E-630F-4678-B625-2DCEF756B901}"
EndProject
Project("{9A19103F-16F7-4668-BE54-9A1E7A4F7556}") = "EventBus", "src\BuildingBlocks\EventBus\EventBus.csproj", "{3691A365-642E-46C0-9E86-382AA0FBC29E}"
EndProject
Project("{9A19103F-16F7-4668-BE54-9A1E7A4F7556}") = "EventBusRabbitMQ", "src\BuildingBlocks\EventBusRabbitMQ\EventBusRabbitMQ.csproj", "{04C1F825-4F2E-4431-848D-BED0318823DB}"
EndProject
Project("{9A19103F-16F7-4668-BE54-9A1E7A4F7556}") = "IntegrationEventLogEF", "src\BuildingBlocks\IntegrationEventLogEF\IntegrationEventLogEF.csproj", "{E6CB3DE0-61E3-4089-A139-ACE75D335997}"
EndProject
Project("{9A19103F-16F7-4668-BE54-9A1E7A4F7556}") = "PR.Domain", "src\Services\PR\PR.Domain\PR.Domain.csproj", "{734415B1-DE55-470D-BF9C-132096BC2D8A}"
EndProject
Project("{9A19103F-16F7-4668-BE54-9A1E7A4F7556}") = "PR.Infrastructure", "src\Services\PR\PR.Infrastructure\PR.Infrastructure.csproj", "{40FFF01F-A1D1-40B8-AEC7-B31112700E60}"
EndProject
Project("{9A19103F-16F7-4668-BE54-9A1E7A4F7556}") = "PR.API", "src\Services\PR\PR.API\PR.API\PR.API.csproj", "{B64ECB6F-D26B-49F6-8BD2-2B02808501CD}"
EndProject
Project("{9A19103F-16F7-4668-BE54-9A1E7A4F7556}") = "PR.UnitTests", "src\Services\PR\tests\PR.UnitTests\PR.UnitTests.csproj", "{EEA3D0EC-ED01-4843-AE47-3C7F5FF040E8}"
EndProject
Project("{9A19103F-16F7-4668-BE54-9A1E7A4F7556}") = "EventBus.Tests", "src\BuildingBlocks\EventBus.Tests\EventBus.Tests.csproj", "{F74E1C6C-660D-4387-B975-BD6441D85D15}"
EndProject
Project("{9A19103F-16F7-4668-BE54-9A1E7A4F7556}") = "Web.MainApp.HttpAggregator", "src\ApiGateways\Web.MainApp.HttpAggregator\Web.MainApp.HttpAggregator\Web.MainApp.HttpAggregator.csproj", "{D8E3779E-1BA6-4C24-9947-843C64118781}"
EndProject
Project("{2150E333-8FDC-42A3-9474-1A3956D46DE8}") = "Persons", "Persons", "{990C6FB9-B138-4991-BA4B-3E7237306AA8}"
EndProject
Project("{FAE04EC0-301F-11D3-BF4B-00C04F79EFBC}") = "Persons.API", "src\Services\Persons\Persons.API\Persons.API\Persons.API.csproj", "{FE379C1E-E5B4-4CE5-AEE7-13B70DC985F9}"
EndProject
Project("{FAE04EC0-301F-11D3-BF4B-00C04F79EFBC}") = "Persons.Domain", "src\Services\Persons\Persons.Domain\Persons.Domain.csproj", "{B0C58074-CFB4-4A40-ADA8-6CD6C55FCE0D}"
EndProject
Project("{FAE04EC0-301F-11D3-BF4B-00C04F79EFBC}") = "Persons.Infrastructure", "src\Services\Persons\Persons.Infrastructure\Persons.Infrastructure.csproj", "{A355A07F-2664-4CC7-82B2-80BBDC7E4036}"
EndProject
Project("{FAE04EC0-301F-11D3-BF4B-00C04F79EFBC}") = "Persons.UnitTests", "src\Services\Persons\tests\Persons.UnitTests\Persons.UnitTests.csproj", "{A625D815-99A3-4075-B581-0C1C1E1D7AD2}"
EndProject
Project("{2150E333-8FDC-42A3-9474-1A3956D46DE8}") = "dev_env", "dev_env", "{A4CA6FBA-4D96-4262-8C04-8254A11C88DB}"
	ProjectSection(SolutionItems) = preProject
		dev_env\docker-compose.yml = dev_env\docker-compose.yml
	EndProjectSection
EndProject
Global
	GlobalSection(SolutionConfigurationPlatforms) = preSolution
		Debug|Any CPU = Debug|Any CPU
		Release|Any CPU = Release|Any CPU
	EndGlobalSection
	GlobalSection(ProjectConfigurationPlatforms) = postSolution
		{1AF44BC2-B649-4D74-B83F-09A6488D917B}.Debug|Any CPU.ActiveCfg = Debug|Any CPU
		{1AF44BC2-B649-4D74-B83F-09A6488D917B}.Debug|Any CPU.Build.0 = Debug|Any CPU
		{1AF44BC2-B649-4D74-B83F-09A6488D917B}.Release|Any CPU.ActiveCfg = Release|Any CPU
		{1AF44BC2-B649-4D74-B83F-09A6488D917B}.Release|Any CPU.Build.0 = Release|Any CPU
		{CF57E97E-630F-4678-B625-2DCEF756B901}.Debug|Any CPU.ActiveCfg = Debug|Any CPU
		{CF57E97E-630F-4678-B625-2DCEF756B901}.Debug|Any CPU.Build.0 = Debug|Any CPU
		{CF57E97E-630F-4678-B625-2DCEF756B901}.Release|Any CPU.ActiveCfg = Release|Any CPU
		{CF57E97E-630F-4678-B625-2DCEF756B901}.Release|Any CPU.Build.0 = Release|Any CPU
		{3691A365-642E-46C0-9E86-382AA0FBC29E}.Debug|Any CPU.ActiveCfg = Debug|Any CPU
		{3691A365-642E-46C0-9E86-382AA0FBC29E}.Debug|Any CPU.Build.0 = Debug|Any CPU
		{3691A365-642E-46C0-9E86-382AA0FBC29E}.Release|Any CPU.ActiveCfg = Release|Any CPU
		{3691A365-642E-46C0-9E86-382AA0FBC29E}.Release|Any CPU.Build.0 = Release|Any CPU
		{04C1F825-4F2E-4431-848D-BED0318823DB}.Debug|Any CPU.ActiveCfg = Debug|Any CPU
		{04C1F825-4F2E-4431-848D-BED0318823DB}.Debug|Any CPU.Build.0 = Debug|Any CPU
		{04C1F825-4F2E-4431-848D-BED0318823DB}.Release|Any CPU.ActiveCfg = Release|Any CPU
		{04C1F825-4F2E-4431-848D-BED0318823DB}.Release|Any CPU.Build.0 = Release|Any CPU
		{E6CB3DE0-61E3-4089-A139-ACE75D335997}.Debug|Any CPU.ActiveCfg = Debug|Any CPU
		{E6CB3DE0-61E3-4089-A139-ACE75D335997}.Debug|Any CPU.Build.0 = Debug|Any CPU
		{E6CB3DE0-61E3-4089-A139-ACE75D335997}.Release|Any CPU.ActiveCfg = Release|Any CPU
		{E6CB3DE0-61E3-4089-A139-ACE75D335997}.Release|Any CPU.Build.0 = Release|Any CPU
		{734415B1-DE55-470D-BF9C-132096BC2D8A}.Debug|Any CPU.ActiveCfg = Debug|Any CPU
		{734415B1-DE55-470D-BF9C-132096BC2D8A}.Debug|Any CPU.Build.0 = Debug|Any CPU
		{734415B1-DE55-470D-BF9C-132096BC2D8A}.Release|Any CPU.ActiveCfg = Release|Any CPU
		{734415B1-DE55-470D-BF9C-132096BC2D8A}.Release|Any CPU.Build.0 = Release|Any CPU
		{40FFF01F-A1D1-40B8-AEC7-B31112700E60}.Debug|Any CPU.ActiveCfg = Debug|Any CPU
		{40FFF01F-A1D1-40B8-AEC7-B31112700E60}.Debug|Any CPU.Build.0 = Debug|Any CPU
		{40FFF01F-A1D1-40B8-AEC7-B31112700E60}.Release|Any CPU.ActiveCfg = Release|Any CPU
		{40FFF01F-A1D1-40B8-AEC7-B31112700E60}.Release|Any CPU.Build.0 = Release|Any CPU
		{B64ECB6F-D26B-49F6-8BD2-2B02808501CD}.Debug|Any CPU.ActiveCfg = Debug|Any CPU
		{B64ECB6F-D26B-49F6-8BD2-2B02808501CD}.Debug|Any CPU.Build.0 = Debug|Any CPU
		{B64ECB6F-D26B-49F6-8BD2-2B02808501CD}.Release|Any CPU.ActiveCfg = Release|Any CPU
		{B64ECB6F-D26B-49F6-8BD2-2B02808501CD}.Release|Any CPU.Build.0 = Release|Any CPU
		{EEA3D0EC-ED01-4843-AE47-3C7F5FF040E8}.Debug|Any CPU.ActiveCfg = Debug|Any CPU
		{EEA3D0EC-ED01-4843-AE47-3C7F5FF040E8}.Debug|Any CPU.Build.0 = Debug|Any CPU
		{EEA3D0EC-ED01-4843-AE47-3C7F5FF040E8}.Release|Any CPU.ActiveCfg = Release|Any CPU
		{EEA3D0EC-ED01-4843-AE47-3C7F5FF040E8}.Release|Any CPU.Build.0 = Release|Any CPU
		{F74E1C6C-660D-4387-B975-BD6441D85D15}.Debug|Any CPU.ActiveCfg = Debug|Any CPU
		{F74E1C6C-660D-4387-B975-BD6441D85D15}.Debug|Any CPU.Build.0 = Debug|Any CPU
		{F74E1C6C-660D-4387-B975-BD6441D85D15}.Release|Any CPU.ActiveCfg = Release|Any CPU
		{F74E1C6C-660D-4387-B975-BD6441D85D15}.Release|Any CPU.Build.0 = Release|Any CPU
		{D8E3779E-1BA6-4C24-9947-843C64118781}.Debug|Any CPU.ActiveCfg = Debug|Any CPU
		{D8E3779E-1BA6-4C24-9947-843C64118781}.Debug|Any CPU.Build.0 = Debug|Any CPU
		{D8E3779E-1BA6-4C24-9947-843C64118781}.Release|Any CPU.ActiveCfg = Release|Any CPU
		{D8E3779E-1BA6-4C24-9947-843C64118781}.Release|Any CPU.Build.0 = Release|Any CPU
		{FE379C1E-E5B4-4CE5-AEE7-13B70DC985F9}.Debug|Any CPU.ActiveCfg = Debug|Any CPU
		{FE379C1E-E5B4-4CE5-AEE7-13B70DC985F9}.Debug|Any CPU.Build.0 = Debug|Any CPU
		{FE379C1E-E5B4-4CE5-AEE7-13B70DC985F9}.Release|Any CPU.ActiveCfg = Release|Any CPU
		{FE379C1E-E5B4-4CE5-AEE7-13B70DC985F9}.Release|Any CPU.Build.0 = Release|Any CPU
		{B0C58074-CFB4-4A40-ADA8-6CD6C55FCE0D}.Debug|Any CPU.ActiveCfg = Debug|Any CPU
		{B0C58074-CFB4-4A40-ADA8-6CD6C55FCE0D}.Debug|Any CPU.Build.0 = Debug|Any CPU
		{B0C58074-CFB4-4A40-ADA8-6CD6C55FCE0D}.Release|Any CPU.ActiveCfg = Release|Any CPU
		{B0C58074-CFB4-4A40-ADA8-6CD6C55FCE0D}.Release|Any CPU.Build.0 = Release|Any CPU
		{A355A07F-2664-4CC7-82B2-80BBDC7E4036}.Debug|Any CPU.ActiveCfg = Debug|Any CPU
		{A355A07F-2664-4CC7-82B2-80BBDC7E4036}.Debug|Any CPU.Build.0 = Debug|Any CPU
		{A355A07F-2664-4CC7-82B2-80BBDC7E4036}.Release|Any CPU.ActiveCfg = Release|Any CPU
		{A355A07F-2664-4CC7-82B2-80BBDC7E4036}.Release|Any CPU.Build.0 = Release|Any CPU
		{A625D815-99A3-4075-B581-0C1C1E1D7AD2}.Debug|Any CPU.ActiveCfg = Debug|Any CPU
		{A625D815-99A3-4075-B581-0C1C1E1D7AD2}.Debug|Any CPU.Build.0 = Debug|Any CPU
		{A625D815-99A3-4075-B581-0C1C1E1D7AD2}.Release|Any CPU.ActiveCfg = Release|Any CPU
		{A625D815-99A3-4075-B581-0C1C1E1D7AD2}.Release|Any CPU.Build.0 = Release|Any CPU
	EndGlobalSection
	GlobalSection(SolutionProperties) = preSolution
		HideSolutionNode = FALSE
	EndGlobalSection
	GlobalSection(NestedProjects) = preSolution
		{A6D72F44-70B4-4047-BFD4-D27B66CB6580} = {0650A3CC-4C5B-4576-B951-ACE3229E85F5}
		{3DE8B1D0-9469-4F70-A8A3-C9A7EEFB7FBB} = {A6D72F44-70B4-4047-BFD4-D27B66CB6580}
		{F82A7253-0C8A-4E80-BDB6-DCFB2BABD264} = {0650A3CC-4C5B-4576-B951-ACE3229E85F5}
		{723ACA05-5158-4CF4-8D96-207C4EEC4695} = {F82A7253-0C8A-4E80-BDB6-DCFB2BABD264}
		{892CAE81-CAE7-4B5D-AB93-D34D868541C2} = {0650A3CC-4C5B-4576-B951-ACE3229E85F5}
		{FEABF3E6-470C-4965-9E21-A4B597C11C5F} = {892CAE81-CAE7-4B5D-AB93-D34D868541C2}
		{2DFFA2C7-ED55-4F6F-8A7B-4CCCAD30D40A} = {3DE8B1D0-9469-4F70-A8A3-C9A7EEFB7FBB}
		{1AF44BC2-B649-4D74-B83F-09A6488D917B} = {F82A7253-0C8A-4E80-BDB6-DCFB2BABD264}
		{E314F342-DA0A-462F-8670-635D1FB1959D} = {F82A7253-0C8A-4E80-BDB6-DCFB2BABD264}
		{CF57E97E-630F-4678-B625-2DCEF756B901} = {E314F342-DA0A-462F-8670-635D1FB1959D}
		{3691A365-642E-46C0-9E86-382AA0FBC29E} = {F82A7253-0C8A-4E80-BDB6-DCFB2BABD264}
		{04C1F825-4F2E-4431-848D-BED0318823DB} = {F82A7253-0C8A-4E80-BDB6-DCFB2BABD264}
		{E6CB3DE0-61E3-4089-A139-ACE75D335997} = {F82A7253-0C8A-4E80-BDB6-DCFB2BABD264}
		{734415B1-DE55-470D-BF9C-132096BC2D8A} = {3DE8B1D0-9469-4F70-A8A3-C9A7EEFB7FBB}
		{40FFF01F-A1D1-40B8-AEC7-B31112700E60} = {3DE8B1D0-9469-4F70-A8A3-C9A7EEFB7FBB}
		{B64ECB6F-D26B-49F6-8BD2-2B02808501CD} = {3DE8B1D0-9469-4F70-A8A3-C9A7EEFB7FBB}
		{EEA3D0EC-ED01-4843-AE47-3C7F5FF040E8} = {2DFFA2C7-ED55-4F6F-8A7B-4CCCAD30D40A}
		{F74E1C6C-660D-4387-B975-BD6441D85D15} = {723ACA05-5158-4CF4-8D96-207C4EEC4695}
		{D8E3779E-1BA6-4C24-9947-843C64118781} = {FEABF3E6-470C-4965-9E21-A4B597C11C5F}
		{990C6FB9-B138-4991-BA4B-3E7237306AA8} = {A6D72F44-70B4-4047-BFD4-D27B66CB6580}
		{B0C58074-CFB4-4A40-ADA8-6CD6C55FCE0D} = {990C6FB9-B138-4991-BA4B-3E7237306AA8}
		{A355A07F-2664-4CC7-82B2-80BBDC7E4036} = {990C6FB9-B138-4991-BA4B-3E7237306AA8}
		{FE379C1E-E5B4-4CE5-AEE7-13B70DC985F9} = {990C6FB9-B138-4991-BA4B-3E7237306AA8}
		{A625D815-99A3-4075-B581-0C1C1E1D7AD2} = {990C6FB9-B138-4991-BA4B-3E7237306AA8}
	EndGlobalSection
	GlobalSection(ExtensibilityGlobals) = postSolution
		SolutionGuid = {89A8C50F-22FC-478D-A7EE-E7EA3B9950F9}
	EndGlobalSection
EndGlobal
