
Microsoft Visual Studio Solution File, Format Version 12.00
Project("{2150E333-8FDC-42A3-9474-1A3956D46DE8}") = "src", "src", "{0650A3CC-4C5B-4576-B951-ACE3229E85F5}"
	ProjectSection(SolutionItems) = preProject
		src\.gitignore = src\.gitignore
	EndProjectSection
EndProject
Project("{2150E333-8FDC-42A3-9474-1A3956D46DE8}") = "Services", "Services", "{A6D72F44-70B4-4047-BFD4-D27B66CB6580}"
EndProject
Project("{2150E333-8FDC-42A3-9474-1A3956D46DE8}") = "PR", "PR", "{3DE8B1D0-9469-4F70-A8A3-C9A7EEFB7FBB}"
EndProject
Project("{FAE04EC0-301F-11D3-BF4B-00C04F79EFBC}") = "PR.API", "PR.API\PR.API\PR.API.csproj", "{5D724973-CFC8-460E-A066-C90204FC0F71}"
EndProject
Project("{FAE04EC0-301F-11D3-BF4B-00C04F79EFBC}") = "PR.Domain", "PR.Domain\PR.Domain.csproj", "{CF584BB3-8474-45EE-801E-BCD0D021F74C}"
EndProject
Project("{FAE04EC0-301F-11D3-BF4B-00C04F79EFBC}") = "PR.Infrastructure", "PR.Infrastructure\PR.Infrastructure.csproj", "{2BF9F9F9-9B97-40EE-AE53-567F6DC20602}"
EndProject
Project("{2150E333-8FDC-42A3-9474-1A3956D46DE8}") = "BuildingBlocks", "BuildingBlocks", "{F82A7253-0C8A-4E80-BDB6-DCFB2BABD264}"
EndProject
Project("{FAE04EC0-301F-11D3-BF4B-00C04F79EFBC}") = "EventBus", "EventBus\EventBus.csproj", "{EF9C7BAA-E98D-4AAB-9B06-595CECEDD257}"
EndProject
Project("{FAE04EC0-301F-11D3-BF4B-00C04F79EFBC}") = "EventBusRabbitMQ", "EventBusRabbitMQ\EventBusRabbitMQ.csproj", "{D3224A93-5F80-4106-B984-58D4C2C56FB1}"
EndProject
Project("{FAE04EC0-301F-11D3-BF4B-00C04F79EFBC}") = "IntegrationEventLogEF", "IntegrationEventLogEF\IntegrationEventLogEF.csproj", "{BB84C77E-B1C5-4C09-9AA4-A911206BF9A6}"
EndProject
Project("{2150E333-8FDC-42A3-9474-1A3956D46DE8}") = "tests", "tests", "{723ACA05-5158-4CF4-8D96-207C4EEC4695}"
EndProject
Project("{FAE04EC0-301F-11D3-BF4B-00C04F79EFBC}") = "EventBus.Tests", "EventBus.Tests\EventBus.Tests.csproj", "{BBA53C17-A642-4C9D-A74C-3AD8CF4C9B82}"
EndProject
Project("{2150E333-8FDC-42A3-9474-1A3956D46DE8}") = "ApiGateways", "ApiGateways", "{892CAE81-CAE7-4B5D-AB93-D34D868541C2}"
EndProject
Project("{2150E333-8FDC-42A3-9474-1A3956D46DE8}") = "Web.MainApp", "Web.MainApp", "{FEABF3E6-470C-4965-9E21-A4B597C11C5F}"
EndProject
Project("{FAE04EC0-301F-11D3-BF4B-00C04F79EFBC}") = "Web.MainApp.HttpAggregator", "Web.MainApp.HttpAggregator\Web.MainApp.HttpAggregator\Web.MainApp.HttpAggregator.csproj", "{EE6D28C9-E3BF-4C7C-AF8C-766C6F4515B9}"
EndProject
Project("{2150E333-8FDC-42A3-9474-1A3956D46DE8}") = "tests", "tests", "{2DFFA2C7-ED55-4F6F-8A7B-4CCCAD30D40A}"
EndProject
Project("{FAE04EC0-301F-11D3-BF4B-00C04F79EFBC}") = "PR.UnitTests", "src\PR.UnitTests\PR.UnitTests.csproj", "{26B6DB2E-C5C6-429F-91E0-19928525222A}"
EndProject
Project("{FAE04EC0-301F-11D3-BF4B-00C04F79EFBC}") = "EventBusServiceBus", "src\BuildingBlocks\EventBusServiceBus\EventBusServiceBus.csproj", "{1AF44BC2-B649-4D74-B83F-09A6488D917B}"
EndProject
Global
	GlobalSection(SolutionConfigurationPlatforms) = preSolution
		Debug|Any CPU = Debug|Any CPU
		Release|Any CPU = Release|Any CPU
	EndGlobalSection
	GlobalSection(NestedProjects) = preSolution
		{A6D72F44-70B4-4047-BFD4-D27B66CB6580} = {0650A3CC-4C5B-4576-B951-ACE3229E85F5}
		{3DE8B1D0-9469-4F70-A8A3-C9A7EEFB7FBB} = {A6D72F44-70B4-4047-BFD4-D27B66CB6580}
		{5D724973-CFC8-460E-A066-C90204FC0F71} = {3DE8B1D0-9469-4F70-A8A3-C9A7EEFB7FBB}
		{CF584BB3-8474-45EE-801E-BCD0D021F74C} = {3DE8B1D0-9469-4F70-A8A3-C9A7EEFB7FBB}
		{2BF9F9F9-9B97-40EE-AE53-567F6DC20602} = {3DE8B1D0-9469-4F70-A8A3-C9A7EEFB7FBB}
		{F82A7253-0C8A-4E80-BDB6-DCFB2BABD264} = {0650A3CC-4C5B-4576-B951-ACE3229E85F5}
		{EF9C7BAA-E98D-4AAB-9B06-595CECEDD257} = {F82A7253-0C8A-4E80-BDB6-DCFB2BABD264}
		{D3224A93-5F80-4106-B984-58D4C2C56FB1} = {F82A7253-0C8A-4E80-BDB6-DCFB2BABD264}
		{BB84C77E-B1C5-4C09-9AA4-A911206BF9A6} = {F82A7253-0C8A-4E80-BDB6-DCFB2BABD264}
		{723ACA05-5158-4CF4-8D96-207C4EEC4695} = {F82A7253-0C8A-4E80-BDB6-DCFB2BABD264}
		{BBA53C17-A642-4C9D-A74C-3AD8CF4C9B82} = {723ACA05-5158-4CF4-8D96-207C4EEC4695}
		{892CAE81-CAE7-4B5D-AB93-D34D868541C2} = {0650A3CC-4C5B-4576-B951-ACE3229E85F5}
		{FEABF3E6-470C-4965-9E21-A4B597C11C5F} = {892CAE81-CAE7-4B5D-AB93-D34D868541C2}
		{EE6D28C9-E3BF-4C7C-AF8C-766C6F4515B9} = {FEABF3E6-470C-4965-9E21-A4B597C11C5F}
		{2DFFA2C7-ED55-4F6F-8A7B-4CCCAD30D40A} = {3DE8B1D0-9469-4F70-A8A3-C9A7EEFB7FBB}
		{26B6DB2E-C5C6-429F-91E0-19928525222A} = {2DFFA2C7-ED55-4F6F-8A7B-4CCCAD30D40A}
		{1AF44BC2-B649-4D74-B83F-09A6488D917B} = {F82A7253-0C8A-4E80-BDB6-DCFB2BABD264}
	EndGlobalSection
	GlobalSection(ProjectConfigurationPlatforms) = postSolution
		{5D724973-CFC8-460E-A066-C90204FC0F71}.Debug|Any CPU.ActiveCfg = Debug|Any CPU
		{5D724973-CFC8-460E-A066-C90204FC0F71}.Debug|Any CPU.Build.0 = Debug|Any CPU
		{5D724973-CFC8-460E-A066-C90204FC0F71}.Release|Any CPU.ActiveCfg = Release|Any CPU
		{5D724973-CFC8-460E-A066-C90204FC0F71}.Release|Any CPU.Build.0 = Release|Any CPU
		{CF584BB3-8474-45EE-801E-BCD0D021F74C}.Debug|Any CPU.ActiveCfg = Debug|Any CPU
		{CF584BB3-8474-45EE-801E-BCD0D021F74C}.Debug|Any CPU.Build.0 = Debug|Any CPU
		{CF584BB3-8474-45EE-801E-BCD0D021F74C}.Release|Any CPU.ActiveCfg = Release|Any CPU
		{CF584BB3-8474-45EE-801E-BCD0D021F74C}.Release|Any CPU.Build.0 = Release|Any CPU
		{2BF9F9F9-9B97-40EE-AE53-567F6DC20602}.Debug|Any CPU.ActiveCfg = Debug|Any CPU
		{2BF9F9F9-9B97-40EE-AE53-567F6DC20602}.Debug|Any CPU.Build.0 = Debug|Any CPU
		{2BF9F9F9-9B97-40EE-AE53-567F6DC20602}.Release|Any CPU.ActiveCfg = Release|Any CPU
		{2BF9F9F9-9B97-40EE-AE53-567F6DC20602}.Release|Any CPU.Build.0 = Release|Any CPU
		{EF9C7BAA-E98D-4AAB-9B06-595CECEDD257}.Debug|Any CPU.ActiveCfg = Debug|Any CPU
		{EF9C7BAA-E98D-4AAB-9B06-595CECEDD257}.Debug|Any CPU.Build.0 = Debug|Any CPU
		{EF9C7BAA-E98D-4AAB-9B06-595CECEDD257}.Release|Any CPU.ActiveCfg = Release|Any CPU
		{EF9C7BAA-E98D-4AAB-9B06-595CECEDD257}.Release|Any CPU.Build.0 = Release|Any CPU
		{D3224A93-5F80-4106-B984-58D4C2C56FB1}.Debug|Any CPU.ActiveCfg = Debug|Any CPU
		{D3224A93-5F80-4106-B984-58D4C2C56FB1}.Debug|Any CPU.Build.0 = Debug|Any CPU
		{D3224A93-5F80-4106-B984-58D4C2C56FB1}.Release|Any CPU.ActiveCfg = Release|Any CPU
		{D3224A93-5F80-4106-B984-58D4C2C56FB1}.Release|Any CPU.Build.0 = Release|Any CPU
		{BB84C77E-B1C5-4C09-9AA4-A911206BF9A6}.Debug|Any CPU.ActiveCfg = Debug|Any CPU
		{BB84C77E-B1C5-4C09-9AA4-A911206BF9A6}.Debug|Any CPU.Build.0 = Debug|Any CPU
		{BB84C77E-B1C5-4C09-9AA4-A911206BF9A6}.Release|Any CPU.ActiveCfg = Release|Any CPU
		{BB84C77E-B1C5-4C09-9AA4-A911206BF9A6}.Release|Any CPU.Build.0 = Release|Any CPU
		{BBA53C17-A642-4C9D-A74C-3AD8CF4C9B82}.Debug|Any CPU.ActiveCfg = Debug|Any CPU
		{BBA53C17-A642-4C9D-A74C-3AD8CF4C9B82}.Debug|Any CPU.Build.0 = Debug|Any CPU
		{BBA53C17-A642-4C9D-A74C-3AD8CF4C9B82}.Release|Any CPU.ActiveCfg = Release|Any CPU
		{BBA53C17-A642-4C9D-A74C-3AD8CF4C9B82}.Release|Any CPU.Build.0 = Release|Any CPU
		{EE6D28C9-E3BF-4C7C-AF8C-766C6F4515B9}.Debug|Any CPU.ActiveCfg = Debug|Any CPU
		{EE6D28C9-E3BF-4C7C-AF8C-766C6F4515B9}.Debug|Any CPU.Build.0 = Debug|Any CPU
		{EE6D28C9-E3BF-4C7C-AF8C-766C6F4515B9}.Release|Any CPU.ActiveCfg = Release|Any CPU
		{EE6D28C9-E3BF-4C7C-AF8C-766C6F4515B9}.Release|Any CPU.Build.0 = Release|Any CPU
		{26B6DB2E-C5C6-429F-91E0-19928525222A}.Debug|Any CPU.ActiveCfg = Debug|Any CPU
		{26B6DB2E-C5C6-429F-91E0-19928525222A}.Debug|Any CPU.Build.0 = Debug|Any CPU
		{26B6DB2E-C5C6-429F-91E0-19928525222A}.Release|Any CPU.ActiveCfg = Release|Any CPU
		{26B6DB2E-C5C6-429F-91E0-19928525222A}.Release|Any CPU.Build.0 = Release|Any CPU
		{1AF44BC2-B649-4D74-B83F-09A6488D917B}.Debug|Any CPU.ActiveCfg = Debug|Any CPU
		{1AF44BC2-B649-4D74-B83F-09A6488D917B}.Debug|Any CPU.Build.0 = Debug|Any CPU
		{1AF44BC2-B649-4D74-B83F-09A6488D917B}.Release|Any CPU.ActiveCfg = Release|Any CPU
		{1AF44BC2-B649-4D74-B83F-09A6488D917B}.Release|Any CPU.Build.0 = Release|Any CPU
	EndGlobalSection
EndGlobal
